
Microsoft Visual Studio Solution File, Format Version 12.00
# Visual Studio Version 17
VisualStudioVersion = 17.11.35312.102
MinimumVisualStudioVersion = 10.0.40219.1
Project("{9A19103F-16F7-4668-BE54-9A1E7A4F7556}") = "SpecflowProject", "SpecflowProject\SpecflowProject.csproj", "{79CFD392-059E-47E7-AC89-5D24EFEBE64B}"
EndProject
Project("{FAE04EC0-301F-11D3-BF4B-00C04F79EFBC}") = "JsonPlaceholderApiTests", "JsonPlaceholderApiTests\JsonPlaceholderApiTests.csproj", "{E09BBB7C-2FA8-41B4-90A0-86C6BC528955}"
EndProject
Global
	GlobalSection(SolutionConfigurationPlatforms) = preSolution
		Debug|Any CPU = Debug|Any CPU
		Release|Any CPU = Release|Any CPU
	EndGlobalSection
	GlobalSection(ProjectConfigurationPlatforms) = postSolution
		{79CFD392-059E-47E7-AC89-5D24EFEBE64B}.Debug|Any CPU.ActiveCfg = Debug|Any CPU
		{79CFD392-059E-47E7-AC89-5D24EFEBE64B}.Debug|Any CPU.Build.0 = Debug|Any CPU
		{79CFD392-059E-47E7-AC89-5D24EFEBE64B}.Release|Any CPU.ActiveCfg = Release|Any CPU
		{79CFD392-059E-47E7-AC89-5D24EFEBE64B}.Release|Any CPU.Build.0 = Release|Any CPU
		{E09BBB7C-2FA8-41B4-90A0-86C6BC528955}.Debug|Any CPU.ActiveCfg = Debug|Any CPU
		{E09BBB7C-2FA8-41B4-90A0-86C6BC528955}.Debug|Any CPU.Build.0 = Debug|Any CPU
		{E09BBB7C-2FA8-41B4-90A0-86C6BC528955}.Release|Any CPU.ActiveCfg = Release|Any CPU
		{E09BBB7C-2FA8-41B4-90A0-86C6BC528955}.Release|Any CPU.Build.0 = Release|Any CPU
	EndGlobalSection
	GlobalSection(SolutionProperties) = preSolution
		HideSolutionNode = FALSE
	EndGlobalSection
	GlobalSection(ExtensibilityGlobals) = postSolution
		SolutionGuid = {BC8A2422-B97B-4431-961C-4DA91C2A7090}
	EndGlobalSection
EndGlobal
